<?xml version="1.0" encoding="utf-8"?>
<Project ToolsVersion="15.0" xmlns="http://schemas.microsoft.com/developer/msbuild/2003">
  <ItemGroup>
<<<<<<< HEAD
    <ClInclude Include="..\..\imconfig.h">
      <Filter>ImGUI</Filter>
    </ClInclude>
    <ClInclude Include="..\..\imgui.h">
      <Filter>ImGUI</Filter>
    </ClInclude>
    <ClInclude Include="..\..\imgui_internal.h">
      <Filter>ImGUI</Filter>
    </ClInclude>
    <ClInclude Include="..\..\examples\imgui_impl_glfw.h">
      <Filter>ImGUI</Filter>
    </ClInclude>
=======
    <ClInclude Include="..\..\include\nigger.h" />
    <ClInclude Include="..\..\imconfig.h">
      <Filter>ImGUI</Filter>
    </ClInclude>
    <ClInclude Include="..\..\imgui.h">
      <Filter>ImGUI</Filter>
    </ClInclude>
    <ClInclude Include="..\..\imgui_internal.h">
      <Filter>ImGUI</Filter>
    </ClInclude>
    <ClInclude Include="..\..\examples\imgui_impl_glfw.h">
      <Filter>ImGUI</Filter>
    </ClInclude>
>>>>>>> 6a52e18f22849c48cb59fe08d85540d3a75d444e
    <ClInclude Include="..\..\examples\imgui_impl_opengl2.h">
      <Filter>ImGUI</Filter>
    </ClInclude>
    <ClInclude Include="resource.h">
      <Filter>Sounds</Filter>
    </ClInclude>
    <ClInclude Include="resource1.h">
      <Filter>Sounds</Filter>
    </ClInclude>
    <ClInclude Include="..\..\json.hpp" />
<<<<<<< HEAD
    <ClInclude Include="..\..\include\aaa.h" />
=======
>>>>>>> 6a52e18f22849c48cb59fe08d85540d3a75d444e
  </ItemGroup>
  <ItemGroup>
    <Media Include="..\..\g303.wav">
      <Filter>Sounds</Filter>
    </Media>
    <Media Include="..\..\g502.wav">
      <Filter>Sounds</Filter>
    </Media>
    <Media Include="..\..\g3032.wav">
      <Filter>Sounds</Filter>
    </Media>
    <Media Include="..\..\GPro.wav">
      <Filter>Sounds</Filter>
    </Media>
    <Media Include="..\..\hp.wav">
      <Filter>Sounds</Filter>
    </Media>
    <Media Include="..\..\microsoft.wav">
      <Filter>Sounds</Filter>
    </Media>
    <Media Include="..\..\oldmouse.wav">
      <Filter>Sounds</Filter>
    </Media>
    <Media Include="..\..\oof.wav">
      <Filter>Sounds</Filter>
    </Media>
  </ItemGroup>
  <ItemGroup>
    <Filter Include="ImGUI">
      <UniqueIdentifier>{cb72c52f-16b0-4692-a972-feae00284dcc}</UniqueIdentifier>
    </Filter>
    <Filter Include="Sounds">
      <UniqueIdentifier>{2cb048d0-c2fa-4c90-b55e-ebd387cf6480}</UniqueIdentifier>
    </Filter>
  </ItemGroup>
  <ItemGroup>
    <ClCompile Include="..\..\imgui.cpp">
      <Filter>ImGUI</Filter>
    </ClCompile>
    <ClCompile Include="..\..\imgui_demo.cpp">
      <Filter>ImGUI</Filter>
    </ClCompile>
    <ClCompile Include="..\..\imgui_draw.cpp">
      <Filter>ImGUI</Filter>
    </ClCompile>
    <ClCompile Include="..\..\imgui_widgets.cpp">
      <Filter>ImGUI</Filter>
    </ClCompile>
    <ClCompile Include="main.cpp" />
    <ClCompile Include="..\..\examples\imgui_impl_glfw.cpp">
      <Filter>ImGUI</Filter>
    </ClCompile>
    <ClCompile Include="..\..\examples\imgui_impl_opengl2.cpp">
      <Filter>ImGUI</Filter>
    </ClCompile>
  </ItemGroup>
  <ItemGroup>
    <Natvis Include="..\..\misc\natvis\imgui.natvis">
      <Filter>ImGUI</Filter>
    </Natvis>
  </ItemGroup>
  <ItemGroup>
    <ResourceCompile Include="ImWindowGLFW.rc">
      <Filter>Sounds</Filter>
    </ResourceCompile>
  </ItemGroup>
  <ItemGroup>
    <None Include="wave8.bin">
      <Filter>Sounds</Filter>
    </None>
  </ItemGroup>
</Project>